<?xml version="1.0" encoding="utf-8"?>
<Project ToolsVersion="4.0" xmlns="http://schemas.microsoft.com/developer/msbuild/2003">
  <ItemGroup>
    <Filter Include="Source Files">
      <UniqueIdentifier>{4FC737F1-C7A5-4376-A066-2A32D752A2FF}</UniqueIdentifier>
      <Extensions>cpp;c;cc;cxx;def;odl;idl;hpj;bat;asm;asmx</Extensions>
    </Filter>
    <Filter Include="Header Files">
      <UniqueIdentifier>{93995380-89BD-4b04-88EB-625FBE52EBFB}</UniqueIdentifier>
      <Extensions>h;hh;hpp;hxx;hm;inl;inc;xsd</Extensions>
    </Filter>
    <Filter Include="Resource Files">
      <UniqueIdentifier>{67DA6AB6-F800-4c08-8B7A-83BB121AAD01}</UniqueIdentifier>
      <Extensions>rc;ico;cur;bmp;dlg;rc2;rct;bin;rgs;gif;jpg;jpeg;jpe;resx;tiff;tif;png;wav;mfcribbon-ms</Extensions>
    </Filter>
  </ItemGroup>
  <ItemGroup>
    <ClCompile Include="Code\winmain.cpp">
      <Filter>Source Files</Filter>
    </ClCompile>
    <ClCompile Include="Code\client_main_window.cpp">
      <Filter>Source Files</Filter>
    </ClCompile>
    <ClCompile Include="Code\renderer.cpp">
      <Filter>Source Files</Filter>
    </ClCompile>
    <ClCompile Include="Code\cube_scene.cpp">
      <Filter>Source Files</Filter>
    </ClCompile>
    <ClCompile Include="Code\terrain.cpp">
      <Filter>Source Files</Filter>
    </ClCompile>
    <ClCompile Include="Code\sky.cpp">
      <Filter>Source Files</Filter>
    </ClCompile>
  </ItemGroup>
  <ItemGroup>
    <ClInclude Include="Code\global.h">
      <Filter>Header Files</Filter>
    </ClInclude>
    <ClInclude Include="Code\client_main_window.h">
      <Filter>Header Files</Filter>
    </ClInclude>
    <ClInclude Include="Code\timer.h">
      <Filter>Header Files</Filter>
    </ClInclude>
    <ClInclude Include="Code\renderer.h">
      <Filter>Header Files</Filter>
    </ClInclude>
    <ClInclude Include="Code\loading_scene.h">
      <Filter>Header Files</Filter>
    </ClInclude>
    <ClInclude Include="Code\cube_scene.h">
      <Filter>Header Files</Filter>
    </ClInclude>
    <ClInclude Include="Code\terrain.h">
      <Filter>Header Files</Filter>
    </ClInclude>
    <ClInclude Include="Code\sky.h">
      <Filter>Header Files</Filter>
    </ClInclude>
  </ItemGroup>
  <ItemGroup>
    <FxCompile Include="Resources\vs.hlsl" />
    <FxCompile Include="Resources\ps.hlsl" />
    <FxCompile Include="Resources\ps_tex.hlsl" />
    <FxCompile Include="Resources\vs_tex.hlsl" />
    <FxCompile Include="Resources\test_hull.hlsl" />
    <FxCompile Include="Resources\test_domain.hlsl" />
    <FxCompile Include="Resources\test_geom.hlsl" />
    <FxCompile Include="Resources\vs_terrain.hlsl" />
    <FxCompile Include="Resources\ps_wave.hlsl" />
    <FxCompile Include="Resources\ps_flappybird.hlsl" />
    <FxCompile Include="Resources\ps_fractal.hlsl" />
    <FxCompile Include="Resources\ps_sky.hlsl" />
    <FxCompile Include="Resources\ps_clouds.hlsl" />
    <FxCompile Include="Resources\vs_clouds.hlsl" />
  </ItemGroup>
  <ItemGroup>
    <Image Include="Resources\cog.png">
      <Filter>Resource Files</Filter>
    </Image>
  </ItemGroup>
  <ItemGroup>
    <None Include="Resources\ps_global.hlsli" />
    <None Include="Resources\vs_global.hlsli" />
    <None Include="Resources\noise.hlsli" />
    <None Include="Resources\simplex_noise.hlsli" />
    <None Include="Resources\raymarch.hlsli" />
    <None Include="Resources\clouds.hlsli" />
  </ItemGroup>
  <ItemGroup>
    <Text Include="Resources\test.json" />
  </ItemGroup>
</Project>